
Microsoft Visual Studio Solution File, Format Version 12.00
# Visual Studio Version 17
VisualStudioVersion = 17.4.33110.190
MinimumVisualStudioVersion = 10.0.40219.1
Project("{9A19103F-16F7-4668-BE54-9A1E7A4F7556}") = "LibraryMinimumAPI", "LibraryMinimumAPI.csproj", "{74CD5B15-4BC3-4446-8BDB-F57E6D591120}"
EndProject
Project("{2150E333-8FDC-42A3-9474-1A3956D46DE8}") = "src", "src", "{3EC3B741-A21B-4E32-ADDB-48DDD6C725D1}"
EndProject
Project("{2150E333-8FDC-42A3-9474-1A3956D46DE8}") = "tests", "tests", "{89438801-8014-40D5-8361-A10C3A483515}"
EndProject
Global
	GlobalSection(SolutionConfigurationPlatforms) = preSolution
		Debug|Any CPU = Debug|Any CPU
		Release|Any CPU = Release|Any CPU
	EndGlobalSection
	GlobalSection(ProjectConfigurationPlatforms) = postSolution
		{74CD5B15-4BC3-4446-8BDB-F57E6D591120}.Debug|Any CPU.ActiveCfg = Debug|Any CPU
		{74CD5B15-4BC3-4446-8BDB-F57E6D591120}.Debug|Any CPU.Build.0 = Debug|Any CPU
		{74CD5B15-4BC3-4446-8BDB-F57E6D591120}.Release|Any CPU.ActiveCfg = Release|Any CPU
		{74CD5B15-4BC3-4446-8BDB-F57E6D591120}.Release|Any CPU.Build.0 = Release|Any CPU
	EndGlobalSection
	GlobalSection(SolutionProperties) = preSolution
		HideSolutionNode = FALSE
	EndGlobalSection
	GlobalSection(NestedProjects) = preSolution
		{74CD5B15-4BC3-4446-8BDB-F57E6D591120} = {3EC3B741-A21B-4E32-ADDB-48DDD6C725D1}
	EndGlobalSection
	GlobalSection(ExtensibilityGlobals) = postSolution
		SolutionGuid = {F7CA44CE-2610-405C-87BD-D9631A7AED90}
	EndGlobalSection
EndGlobal
